{
  "name": "daynightcycleandevent",
  "version": "1.0.0",
  "lockfileVersion": 3,
  "requires": true,
  "packages": {
    "": {
      "name": "daynightcycleandevent",
      "version": "1.0.0",
      "license": "UNLICENSED",
      "dependencies": {
        "@quenty/binder": "^14.22.0",
        "@quenty/clienttranslator": "^14.21.0",
        "@quenty/cmdrservice": "^13.25.0",
        "@quenty/loader": "^10.9.0",
        "@quenty/servicebag": "^11.13.1"
      }
    },
    "node_modules/@quenty/acceltween": {
      "version": "2.5.3",
      "resolved": "https://registry.npmjs.org/@quenty/acceltween/-/acceltween-2.5.3.tgz",
      "integrity": "sha512-RVvhySEzdB7WS3PSZWmPjHAzdzxmnf8XsOSpKWMxtdxB2sd7SKZNuUpsIvkq5CbcE+dGCo+Qjgij4zOus1ZpyA==",
      "license": "MIT",
      "funding": {
        "type": "patreon",
        "url": "https://www.patreon.com/quenty"
      }
    },
    "node_modules/@quenty/baseobject": {
      "version": "10.9.0",
      "resolved": "https://registry.npmjs.org/@quenty/baseobject/-/baseobject-10.9.0.tgz",
      "integrity": "sha512-aXlonh4bNYPKr5WWlI4c70mq4qFPz/RGu1fr5gF0eux6WRrgsWGCffeqU8j29IOCQDi/zS3mMMPfmquqSCpN7w==",
      "license": "MIT",
      "dependencies": {
        "@quenty/loader": "^10.9.0",
        "@quenty/maid": "^3.5.0"
      },
      "funding": {
        "type": "patreon",
        "url": "https://www.patreon.com/quenty"
      }
    },
    "node_modules/@quenty/binder": {
      "version": "14.22.0",
      "resolved": "https://registry.npmjs.org/@quenty/binder/-/binder-14.22.0.tgz",
      "integrity": "sha512-lpYK502lxq/cgALlqOE1FIiCZ+39BSGCa0xHT+HemAgBLqsj9aTcRQF1F4U2qJetp07rZZMNeGQIy8HV5A4NvA==",
      "license": "MIT",
      "dependencies": {
        "@quenty/baseobject": "^10.9.0",
        "@quenty/brio": "^14.19.0",
        "@quenty/canceltoken": "^11.13.0",
        "@quenty/instanceutils": "^13.19.0",
        "@quenty/linkutils": "^13.19.0",
        "@quenty/loader": "^10.9.0",
        "@quenty/maid": "^3.5.0",
        "@quenty/promise": "^10.12.0",
        "@quenty/rx": "^13.19.0",
        "@quenty/signal": "^7.11.1",
        "@quenty/valueobject": "^13.19.0"
      },
      "funding": {
        "type": "patreon",
        "url": "https://www.patreon.com/quenty"
      }
    },
    "node_modules/@quenty/blend": {
      "version": "12.20.0",
      "resolved": "https://registry.npmjs.org/@quenty/blend/-/blend-12.20.0.tgz",
      "integrity": "sha512-OqetuyUd0y62Ejhno0aX/oUl4F8qmju6mGI59OYH4NNs7/EMtVHegzoDjm2KVnLQxo2UFIUDT87F64IFywnrCQ==",
      "license": "MIT",
      "dependencies": {
        "@quenty/acceltween": "^2.5.3",
        "@quenty/brio": "^14.19.0",
        "@quenty/ducktype": "^5.9.0",
        "@quenty/instanceutils": "^13.19.0",
        "@quenty/loader": "^10.9.0",
        "@quenty/maid": "^3.5.0",
        "@quenty/promise": "^10.12.0",
        "@quenty/rx": "^13.19.0",
        "@quenty/signal": "^7.11.1",
        "@quenty/spring": "^10.9.0",
        "@quenty/steputils": "^3.6.0",
        "@quenty/string": "^3.3.3",
        "@quenty/valuebaseutils": "^13.19.0",
        "@quenty/valueobject": "^13.19.0"
      },
      "funding": {
        "type": "patreon",
        "url": "https://www.patreon.com/quenty"
      }
    },
    "node_modules/@quenty/brio": {
      "version": "14.19.0",
      "resolved": "https://registry.npmjs.org/@quenty/brio/-/brio-14.19.0.tgz",
      "integrity": "sha512-Pye5QQo8y0Up8pcUV67yiYMUEiBd6xc2HU2DzngZOW3dkIJ2FpYhdp2smxQ1xeM39e2GEfQxfdINcLakscxGhA==",
      "license": "MIT",
      "dependencies": {
        "@quenty/loader": "^10.9.0",
        "@quenty/maid": "^3.5.0",
        "@quenty/rx": "^13.19.0",
        "@quenty/signal": "^7.11.1",
        "@quenty/steputils": "^3.6.0",
        "@quenty/table": "^3.8.0"
      },
      "funding": {
        "type": "patreon",
        "url": "https://www.patreon.com/quenty"
      }
    },
    "node_modules/@quenty/cancellabledelay": {
      "version": "3.6.0",
      "resolved": "https://registry.npmjs.org/@quenty/cancellabledelay/-/cancellabledelay-3.6.0.tgz",
      "integrity": "sha512-IMjBMxIcu2uyGVM4snQ+/XkWI8EACidHaT+BPazbnaQm8rBRce2sBqvh3H3k+/2kkrhvuvdFt7LmSX2MDnHv2g==",
      "license": "MIT",
      "funding": {
        "type": "patreon",
        "url": "https://www.patreon.com/quenty"
      }
    },
    "node_modules/@quenty/canceltoken": {
      "version": "11.13.0",
      "resolved": "https://registry.npmjs.org/@quenty/canceltoken/-/canceltoken-11.13.0.tgz",
      "integrity": "sha512-Y3Tu6sPnp4XRAb630W6Ry3HH8LmvWhAO7e+nKwc8zLze41IGlaHDLIf2kOwP9fzyybXlThzlkGsWt+uYwhZgng==",
      "license": "MIT",
      "dependencies": {
        "@quenty/ducktype": "^5.9.0",
        "@quenty/loader": "^10.9.0",
        "@quenty/maid": "^3.5.0",
        "@quenty/promise": "^10.12.0",
        "@quenty/signal": "^7.11.1"
      },
      "funding": {
        "type": "patreon",
        "url": "https://www.patreon.com/quenty"
      }
    },
    "node_modules/@quenty/clienttranslator": {
      "version": "14.21.0",
      "resolved": "https://registry.npmjs.org/@quenty/clienttranslator/-/clienttranslator-14.21.0.tgz",
      "integrity": "sha512-mNPNkDP4HP4uJWtUfCu4KTgE/PD2pwpGeJyQdyUw9pJYq57UtifbGqRW0nAJENqGZvPYt7bU7QRoLRKzu/eMyQ==",
      "license": "MIT",
      "dependencies": {
        "@quenty/blend": "^12.20.0",
        "@quenty/instanceutils": "^13.19.0",
        "@quenty/loader": "^10.9.0",
        "@quenty/maid": "^3.5.0",
        "@quenty/promise": "^10.12.0",
        "@quenty/promisemaid": "^5.12.0",
        "@quenty/pseudolocalize": "^3.5.0",
        "@quenty/rx": "^13.19.0",
        "@quenty/string": "^3.3.3",
        "@quenty/table": "^3.8.0",
        "@quenty/valueobject": "^13.19.0"
      },
      "funding": {
        "type": "patreon",
        "url": "https://www.patreon.com/quenty"
      }
    },
    "node_modules/@quenty/cmdrservice": {
      "version": "13.25.0",
      "resolved": "https://registry.npmjs.org/@quenty/cmdrservice/-/cmdrservice-13.25.0.tgz",
      "integrity": "sha512-SHwN+1xFs6cGS4EqpjB9kSYgv9nFFpfwgR1JW1BKO7RIEEUpotl0RMsDalFjuFVuWMEivFjJ4fjkdTuCM5L3Yg==",
      "license": "MIT",
      "dependencies": {
        "@quenty/loader": "^10.9.0",
        "@quenty/maid": "^3.5.0",
        "@quenty/permissionprovider": "^14.22.0",
        "@quenty/promise": "^10.12.0",
        "@quenty/remoting": "^12.20.0",
        "@quenty/servicebag": "^11.13.1",
        "@quenty/string": "^3.3.3",
        "@quenty/templateprovider": "^11.20.0",
        "@quentystudios/cmdr": "^1.12.0-quenty.0"
      },
      "funding": {
        "type": "patreon",
        "url": "https://www.patreon.com/quenty"
      }
    },
    "node_modules/@quenty/collectionserviceutils": {
      "version": "8.19.0",
      "resolved": "https://registry.npmjs.org/@quenty/collectionserviceutils/-/collectionserviceutils-8.19.0.tgz",
      "integrity": "sha512-FqOs2YHUQoMTwrUtl2l9iPqKMt0jGbmsJXfeVs7mEVroX5bfvk3Mi0RM2g6EhS0+awm99EGLbV2Z3bjpGutX4w==",
      "license": "MIT",
      "dependencies": {
        "@quenty/brio": "^14.19.0",
        "@quenty/loader": "^10.9.0",
        "@quenty/maid": "^3.5.0",
        "@quenty/rx": "^13.19.0"
      },
      "funding": {
        "type": "patreon",
        "url": "https://www.patreon.com/quenty"
      }
    },
    "node_modules/@quenty/deferred": {
      "version": "2.3.0",
      "resolved": "https://registry.npmjs.org/@quenty/deferred/-/deferred-2.3.0.tgz",
      "integrity": "sha512-KuLtPIgj+fA95QK5G0pTezBNJvSMdaRhm40O0iDr08JSdEKG8Xm3Ua4H9bexcmuXb8bbEsV3Dahs/1SrxZbr9g==",
      "license": "MIT",
      "funding": {
        "type": "patreon",
        "url": "https://www.patreon.com/quenty"
      }
    },
    "node_modules/@quenty/ducktype": {
      "version": "5.9.0",
      "resolved": "https://registry.npmjs.org/@quenty/ducktype/-/ducktype-5.9.0.tgz",
      "integrity": "sha512-+TvZHoiYQY+sflgS63mQ5C2or7Io6iYquWddk9OcOcjirKK9BkKcz1AlFY438XDzsS+7rO5dMp1FCRcihMQx6g==",
      "license": "MIT",
      "dependencies": {
        "@quenty/loader": "^10.9.0"
      },
      "funding": {
        "type": "patreon",
        "url": "https://www.patreon.com/quenty"
      }
    },
    "node_modules/@quenty/grouputils": {
      "version": "10.12.0",
      "resolved": "https://registry.npmjs.org/@quenty/grouputils/-/grouputils-10.12.0.tgz",
      "integrity": "sha512-X+EXVyAxJe/2N505eC46ZUFRdNhaCpScMstbnDhTVVb2IGgGmssbzx00UUog+hU9JZNrux60uBksl7ohrA6zVw==",
      "license": "MIT",
      "dependencies": {
        "@quenty/loader": "^10.9.0",
        "@quenty/promise": "^10.12.0"
      },
      "funding": {
        "type": "patreon",
        "url": "https://www.patreon.com/quenty"
      }
    },
    "node_modules/@quenty/insertserviceutils": {
      "version": "10.12.0",
      "resolved": "https://registry.npmjs.org/@quenty/insertserviceutils/-/insertserviceutils-10.12.0.tgz",
      "integrity": "sha512-fLidhztozyfKCgggNIdGRchYxVUWWdVIcZXOhtUo8+kQCFOKznHwBOKfHdkRx07B8gKC6GwieA9VlX7s/obkXw==",
      "license": "MIT",
      "dependencies": {
        "@quenty/loader": "^10.9.0",
        "@quenty/promise": "^10.12.0"
      },
      "funding": {
        "type": "patreon",
        "url": "https://www.patreon.com/quenty"
      }
    },
    "node_modules/@quenty/instanceutils": {
      "version": "13.19.0",
      "resolved": "https://registry.npmjs.org/@quenty/instanceutils/-/instanceutils-13.19.0.tgz",
      "integrity": "sha512-ytZMcBrAmDjR/2rm0GSq3X9NbTh36aZKf9c2Nam43wlfFvQ/0cXfi/kJy3whZ3779cWNuD0PhXVRVBodY+eaEw==",
      "license": "MIT",
      "dependencies": {
        "@quenty/brio": "^14.19.0",
        "@quenty/loader": "^10.9.0",
        "@quenty/maid": "^3.5.0",
        "@quenty/rx": "^13.19.0",
        "@quenty/symbol": "^3.5.0"
      },
      "funding": {
        "type": "patreon",
        "url": "https://www.patreon.com/quenty"
      }
    },
    "node_modules/@quenty/linkutils": {
      "version": "13.19.0",
      "resolved": "https://registry.npmjs.org/@quenty/linkutils/-/linkutils-13.19.0.tgz",
      "integrity": "sha512-D3ly8HFlq2KRQ6dinYhADjqlzn5YfAz9bnxWncjtbts5Ub49WgimnMSwSUNSpYFatNXX2M3hiogXk1PlUilTTw==",
      "license": "MIT",
      "dependencies": {
        "@quenty/brio": "^14.19.0",
        "@quenty/instanceutils": "^13.19.0",
        "@quenty/loader": "^10.9.0",
        "@quenty/maid": "^3.5.0",
        "@quenty/promise": "^10.12.0",
        "@quenty/rx": "^13.19.0"
      },
      "funding": {
        "type": "patreon",
        "url": "https://www.patreon.com/quenty"
      }
    },
    "node_modules/@quenty/loader": {
      "version": "10.9.0",
      "resolved": "https://registry.npmjs.org/@quenty/loader/-/loader-10.9.0.tgz",
      "integrity": "sha512-NB9l9Mw7t1fNYlCVpKg58Msa0KHgKpBPQGNkNs/4uP/FZv5EJfj/cpzRNg4tdJWTM9E/z5WDzRp90niDiW8Vbw==",
      "license": "MIT",
      "funding": {
        "type": "patreon",
        "url": "https://www.patreon.com/quenty"
      }
    },
    "node_modules/@quenty/maid": {
      "version": "3.5.0",
      "resolved": "https://registry.npmjs.org/@quenty/maid/-/maid-3.5.0.tgz",
      "integrity": "sha512-8nzpFT3S28UjUQaacPsbquNws6q/dZdilelid7K3uChnDKePvCveU/NdbPbXZ58H26CSAJ97txFvGcPYiwBnJw==",
      "license": "MIT",
      "funding": {
        "type": "patreon",
        "url": "https://www.patreon.com/quenty"
      }
    },
    "node_modules/@quenty/math": {
      "version": "2.7.3",
      "resolved": "https://registry.npmjs.org/@quenty/math/-/math-2.7.3.tgz",
      "integrity": "sha512-MdbR9C+mTpBFG2rR3mmgPNOYKzcbAb2qo/s5jab23GWxMV+NhfZroxixAplzKF405LC9Md6/+U1Fd9Ge+Q66qQ==",
      "license": "MIT",
      "funding": {
        "type": "patreon",
        "url": "https://www.patreon.com/quenty"
      }
    },
    "node_modules/@quenty/observablecollection": {
      "version": "12.22.0",
      "resolved": "https://registry.npmjs.org/@quenty/observablecollection/-/observablecollection-12.22.0.tgz",
      "integrity": "sha512-tZQDLa4Lwag8bOtZWd9F46B+1uMaULOcEahaXROt6UhEsghps3f9X1HyhoFMozq6XV0P+jpQSaRf1kEF42kA6A==",
      "license": "MIT",
      "dependencies": {
        "@quenty/baseobject": "^10.9.0",
        "@quenty/brio": "^14.19.0",
        "@quenty/ducktype": "^5.9.0",
        "@quenty/loader": "^10.9.0",
        "@quenty/maid": "^3.5.0",
        "@quenty/promise": "^10.12.0",
        "@quenty/rx": "^13.19.0",
        "@quenty/signal": "^7.11.1",
        "@quenty/steputils": "^3.6.0",
        "@quenty/symbol": "^3.5.0",
        "@quenty/table": "^3.8.0",
        "@quenty/valueobject": "^13.19.0"
      },
      "funding": {
        "type": "patreon",
        "url": "https://www.patreon.com/quenty"
      }
    },
    "node_modules/@quenty/permissionprovider": {
      "version": "14.22.0",
      "resolved": "https://registry.npmjs.org/@quenty/permissionprovider/-/permissionprovider-14.22.0.tgz",
      "integrity": "sha512-Yej87z6HCyyw0KQawZgdgPveVSwJWu7fiP88WKzHm8dDOtHPY36HIimjYAifRlXk1q6kv7yUkWO4zIS2mCjr/Q==",
      "license": "MIT",
      "dependencies": {
        "@quenty/baseobject": "^10.9.0",
        "@quenty/brio": "^14.19.0",
        "@quenty/grouputils": "^10.12.0",
        "@quenty/loader": "^10.9.0",
        "@quenty/maid": "^3.5.0",
        "@quenty/playerutils": "^8.19.0",
        "@quenty/promise": "^10.12.0",
        "@quenty/remoting": "^12.20.0",
        "@quenty/rx": "^13.19.0",
        "@quenty/servicebag": "^11.13.1",
        "@quenty/table": "^3.8.0"
      },
      "funding": {
        "type": "patreon",
        "url": "https://www.patreon.com/quenty"
      }
    },
    "node_modules/@quenty/playerutils": {
      "version": "8.19.0",
      "resolved": "https://registry.npmjs.org/@quenty/playerutils/-/playerutils-8.19.0.tgz",
      "integrity": "sha512-XzrpzlsBZIHZDzC6Rx6C61LnlQKvd5KihXIG6OJ65K5mnM/0FyOAUqc0EdDs0X7ULg7Ftc7vD2GvkibbSwp0Gw==",
      "license": "MIT",
      "dependencies": {
        "@quenty/brio": "^14.19.0",
        "@quenty/instanceutils": "^13.19.0",
        "@quenty/loader": "^10.9.0",
        "@quenty/maid": "^3.5.0",
        "@quenty/promise": "^10.12.0",
        "@quenty/rx": "^13.19.0"
      },
      "funding": {
        "type": "patreon",
        "url": "https://www.patreon.com/quenty"
      }
    },
    "node_modules/@quenty/promise": {
      "version": "10.12.0",
      "resolved": "https://registry.npmjs.org/@quenty/promise/-/promise-10.12.0.tgz",
      "integrity": "sha512-MlwwYbtkfW6bc46y4+COVYaZ4jkUBdQRCyQ+9CKl/SSOG/VUqDJg++1EAep7OXaGEb092jH71eimUsaWZDbqzQ==",
      "license": "MIT",
      "dependencies": {
        "@quenty/deferred": "^2.3.0",
        "@quenty/loader": "^10.9.0",
        "@quenty/maid": "^3.5.0",
        "@quenty/math": "^2.7.3"
      },
      "funding": {
        "type": "patreon",
        "url": "https://www.patreon.com/quenty"
      }
    },
    "node_modules/@quenty/promisemaid": {
      "version": "5.12.0",
      "resolved": "https://registry.npmjs.org/@quenty/promisemaid/-/promisemaid-5.12.0.tgz",
      "integrity": "sha512-w+1MOKdcd6s+A4jDWG4kBtKF3dSHQiKXhsv9SWYIqLMmywr312YfbMroSQx9KPCNxMwT16AnSIaxudcnTlkbhQ==",
      "license": "MIT",
      "dependencies": {
        "@quenty/loader": "^10.9.0",
        "@quenty/maid": "^3.5.0",
        "@quenty/promise": "^10.12.0"
      },
      "funding": {
        "type": "patreon",
        "url": "https://www.patreon.com/quenty"
      }
    },
    "node_modules/@quenty/pseudolocalize": {
      "version": "3.5.0",
      "resolved": "https://registry.npmjs.org/@quenty/pseudolocalize/-/pseudolocalize-3.5.0.tgz",
      "integrity": "sha512-kzeDafA+8WVq2wyu++mKKNltv/YnhyCLt+odZCNbAkydE1Quj7jHC+9gLEyH3OuWfkSxIQopw/6Qr320C1xSQg==",
      "license": "MIT",
      "funding": {
        "type": "patreon",
        "url": "https://www.patreon.com/quenty"
      }
    },
    "node_modules/@quenty/remotefunctionutils": {
      "version": "10.12.0",
      "resolved": "https://registry.npmjs.org/@quenty/remotefunctionutils/-/remotefunctionutils-10.12.0.tgz",
      "integrity": "sha512-oeztb8pGGwu505ozXx6KUDQAbl1ZSYQCgGWU6SSydzaWMELn9Cm2QOGkWH+x8YGSaR9Y7JKwQmYhZSirmakLsw==",
      "license": "MIT",
      "dependencies": {
        "@quenty/loader": "^10.9.0",
        "@quenty/promise": "^10.12.0"
      },
      "funding": {
        "type": "patreon",
        "url": "https://www.patreon.com/quenty"
      }
    },
    "node_modules/@quenty/remoting": {
      "version": "12.20.0",
      "resolved": "https://registry.npmjs.org/@quenty/remoting/-/remoting-12.20.0.tgz",
      "integrity": "sha512-sDW+3x8jaOAivR4686cxSyalmSEeDrIaGO/rPyU+qieF24ay2pPYBA8Tk+DEiqibk/p79ScEbDOCDgl9IJp7fQ==",
      "license": "MIT",
      "dependencies": {
        "@quenty/brio": "^14.19.0",
        "@quenty/instanceutils": "^13.19.0",
        "@quenty/loader": "^10.9.0",
        "@quenty/maid": "^3.5.0",
        "@quenty/promise": "^10.12.0",
        "@quenty/promisemaid": "^5.12.0",
        "@quenty/remotefunctionutils": "^10.12.0",
        "@quenty/rx": "^13.19.0",
        "@quenty/table": "^3.8.0"
      },
      "funding": {
        "type": "patreon",
        "url": "https://www.patreon.com/quenty"
      }
    },
    "node_modules/@quenty/rx": {
      "version": "13.19.0",
      "resolved": "https://registry.npmjs.org/@quenty/rx/-/rx-13.19.0.tgz",
      "integrity": "sha512-giEGbMY2/oSF6ExXv0obQ2B1yyiQh+c0dcxYodZe39x8x6Z65/qL0WdCIEh6feloRPE2NDEBSmo7VZKat89xDA==",
      "license": "MIT",
      "dependencies": {
        "@quenty/cancellabledelay": "^3.6.0",
        "@quenty/canceltoken": "^11.13.0",
        "@quenty/ducktype": "^5.9.0",
        "@quenty/loader": "^10.9.0",
        "@quenty/maid": "^3.5.0",
        "@quenty/promise": "^10.12.0",
        "@quenty/signal": "^7.11.1",
        "@quenty/symbol": "^3.5.0",
        "@quenty/table": "^3.8.0",
        "@quenty/throttle": "^10.10.0",
        "@quenty/typeutils": "^1.1.0"
      },
      "funding": {
        "type": "patreon",
        "url": "https://www.patreon.com/quenty"
      }
    },
    "node_modules/@quenty/rxsignal": {
      "version": "7.19.0",
      "resolved": "https://registry.npmjs.org/@quenty/rxsignal/-/rxsignal-7.19.0.tgz",
      "integrity": "sha512-uNpHSipbcxvv8XbEfVjXF1HSWdbeqZAHpbSu8/EwQfOC+zudHOpevvgFJavlo8Dzt3ft/ZXR+afN3V66hLuUfg==",
      "license": "MIT",
      "dependencies": {
        "@quenty/loader": "^10.9.0",
        "@quenty/rx": "^13.19.0"
      },
      "funding": {
        "type": "patreon",
        "url": "https://www.patreon.com/quenty"
      }
    },
    "node_modules/@quenty/servicebag": {
      "version": "11.13.1",
      "resolved": "https://registry.npmjs.org/@quenty/servicebag/-/servicebag-11.13.1.tgz",
      "integrity": "sha512-Y4cNq90VE/SjWe/QjqzV4D7CdZFTFYY2Hl7enOyVgMZ84YPzLcgm4V9vl0HPghwoD4JGdnJ9i2uK81++35zcMg==",
      "license": "MIT",
      "dependencies": {
        "@quenty/baseobject": "^10.9.0",
        "@quenty/loader": "^10.9.0",
        "@quenty/signal": "^7.11.1"
      },
      "funding": {
        "type": "patreon",
        "url": "https://www.patreon.com/quenty"
      }
    },
    "node_modules/@quenty/signal": {
      "version": "7.11.1",
      "resolved": "https://registry.npmjs.org/@quenty/signal/-/signal-7.11.1.tgz",
      "integrity": "sha512-LgZOTgAAsHT0jifPz+Okyek71561zL72A8lxVplGIERbTklYw8IBqFtNMj18nrceTI6csFfef9NoPNOT4COPeg==",
      "license": "MIT",
      "dependencies": {
        "@quenty/loader": "^10.9.0"
      },
      "funding": {
        "type": "patreon",
        "url": "https://www.patreon.com/quenty"
      }
    },
    "node_modules/@quenty/spring": {
      "version": "10.9.0",
      "resolved": "https://registry.npmjs.org/@quenty/spring/-/spring-10.9.0.tgz",
      "integrity": "sha512-t4dZF9h4QUdeOHhrVORtm3qxBLMUKMq4Gm5sohvlH8eAKLyHIj4gJtF3kJcyeixIphbsDpZPEzljfSJD1lNiyw==",
      "license": "MIT",
      "dependencies": {
        "@quenty/ducktype": "^5.9.0",
        "@quenty/loader": "^10.9.0"
      },
      "funding": {
        "type": "patreon",
        "url": "https://www.patreon.com/quenty"
      }
    },
    "node_modules/@quenty/steputils": {
      "version": "3.6.0",
      "resolved": "https://registry.npmjs.org/@quenty/steputils/-/steputils-3.6.0.tgz",
      "integrity": "sha512-7E5kQeXnREaPp2BbD/ypoNOvKoENB+kVsA/38htiIJyac/VdKseM9SjxgOWSPQo8llXQWk0knI+XO6t0iZPIeA==",
      "license": "MIT",
      "funding": {
        "type": "patreon",
        "url": "https://www.patreon.com/quenty"
      }
    },
    "node_modules/@quenty/string": {
      "version": "3.3.3",
      "resolved": "https://registry.npmjs.org/@quenty/string/-/string-3.3.3.tgz",
      "integrity": "sha512-A6+DUEjmllLjXBDx1VSQEmNOivSE50q619lBrjuJUHbHtEr/A1jdgyy4EM6znC5wOhAVyuUmThbSn53SPpus+A==",
      "license": "MIT",
      "funding": {
        "type": "patreon",
        "url": "https://www.patreon.com/quenty"
      }
    },
    "node_modules/@quenty/symbol": {
      "version": "3.5.0",
      "resolved": "https://registry.npmjs.org/@quenty/symbol/-/symbol-3.5.0.tgz",
      "integrity": "sha512-8ngXF9KjE57pTwUrX3gPOttNHa/6vQ8xAdmBfLsP1wPx2e/WyWwd9rr7E3GmfPM8tvuZUUNocePM+oJb4Ccuqg==",
      "license": "MIT",
      "funding": {
        "type": "patreon",
        "url": "https://www.patreon.com/quenty"
      }
    },
    "node_modules/@quenty/table": {
      "version": "3.8.0",
      "resolved": "https://registry.npmjs.org/@quenty/table/-/table-3.8.0.tgz",
      "integrity": "sha512-e/jopMNXPPq+gKLHsWWT3S4JBCVeqRFZCcxKiz9jVhlweBtYGo29/pDn8tWaSDOqeupKxnW5L3OUCo/gGkiwgg==",
      "license": "MIT",
      "funding": {
        "type": "patreon",
        "url": "https://www.patreon.com/quenty"
      }
    },
    "node_modules/@quenty/templateprovider": {
      "version": "11.20.0",
      "resolved": "https://registry.npmjs.org/@quenty/templateprovider/-/templateprovider-11.20.0.tgz",
      "integrity": "sha512-e8wN6xQl9F4j7F27trjS0Ga/SI6fMLAL9CNIwOhlyrBNjfBY7sPNgpHS1UUedlaDv+lzKlGWl+Z9dSr44bbyYA==",
      "license": "MIT",
      "dependencies": {
        "@quenty/baseobject": "^10.9.0",
        "@quenty/brio": "^14.19.0",
        "@quenty/collectionserviceutils": "^8.19.0",
        "@quenty/ducktype": "^5.9.0",
        "@quenty/insertserviceutils": "^10.12.0",
        "@quenty/instanceutils": "^13.19.0",
        "@quenty/loader": "^10.9.0",
        "@quenty/maid": "^3.5.0",
        "@quenty/observablecollection": "^12.22.0",
        "@quenty/promise": "^10.12.0",
        "@quenty/promisemaid": "^5.12.0",
        "@quenty/remoting": "^12.20.0",
        "@quenty/rx": "^13.19.0",
        "@quenty/string": "^3.3.3",
        "@quenty/table": "^3.8.0"
      },
      "funding": {
        "type": "patreon",
        "url": "https://www.patreon.com/quenty"
      }
    },
    "node_modules/@quenty/throttle": {
      "version": "10.10.0",
      "resolved": "https://registry.npmjs.org/@quenty/throttle/-/throttle-10.10.0.tgz",
      "integrity": "sha512-3rCzFsWi6DMQVYA5rzpCGNLU8Fmr/NAbIC0VD3HNb7j5vp3EzQgXbxXRy5QbYUn//x6iRjo05EuLDMLPm0PM4A==",
      "license": "MIT",
      "dependencies": {
        "@quenty/loader": "^10.9.0",
        "@quenty/typeutils": "^1.1.0"
      },
      "funding": {
        "type": "patreon",
        "url": "https://www.patreon.com/quenty"
      }
    },
    "node_modules/@quenty/typeutils": {
      "version": "1.1.0",
      "resolved": "https://registry.npmjs.org/@quenty/typeutils/-/typeutils-1.1.0.tgz",
      "integrity": "sha512-GBSwPmvZIJzQPWdEtIgzQ6zHnV+PraF8U6VYERl7FUZXcfSovxdG4CJXwY9Hs+wHT9KuSHx+GI19KILGiW3P1g==",
      "license": "MIT",
      "dependencies": {
        "@quenty/loader": "^10.9.0"
      },
      "funding": {
        "type": "patreon",
        "url": "https://www.patreon.com/quenty"
      }
    },
    "node_modules/@quenty/valuebaseutils": {
      "version": "13.19.0",
      "resolved": "https://registry.npmjs.org/@quenty/valuebaseutils/-/valuebaseutils-13.19.0.tgz",
      "integrity": "sha512-VF3lux+QZw4GTRl9a9opAwz80zgPajnx/jU3kNZ3V8fhw/4PyLS6JmNaItTKaigfcwkmSZMl/VzDME5NfyRYoA==",
      "license": "MIT",
      "dependencies": {
        "@quenty/brio": "^14.19.0",
        "@quenty/instanceutils": "^13.19.0",
        "@quenty/loader": "^10.9.0",
        "@quenty/promise": "^10.12.0",
        "@quenty/rx": "^13.19.0",
        "@quenty/rxsignal": "^7.19.0"
      },
      "funding": {
        "type": "patreon",
        "url": "https://www.patreon.com/quenty"
      }
    },
    "node_modules/@quenty/valueobject": {
      "version": "13.19.0",
      "resolved": "https://registry.npmjs.org/@quenty/valueobject/-/valueobject-13.19.0.tgz",
      "integrity": "sha512-cL8HuTfc3H+fJNpWRZa9fyBaSl1VDAhzIVj2j+diMsN4Im3ypVTU+6UZ2DzP+z8IQMlwHu9wNDH55g3iwi5GRg==",
      "license": "MIT",
      "dependencies": {
        "@quenty/brio": "^14.19.0",
        "@quenty/ducktype": "^5.9.0",
        "@quenty/loader": "^10.9.0",
        "@quenty/maid": "^3.5.0",
        "@quenty/rx": "^13.19.0",
        "@quenty/signal": "^7.11.1",
        "@quenty/valuebaseutils": "^13.19.0"
      },
      "funding": {
        "type": "patreon",
        "url": "https://www.patreon.com/quenty"
      }
    },
    "node_modules/@quentystudios/cmdr": {
      "version": "1.12.0-quenty.0",
      "resolved": "https://registry.npmjs.org/@quentystudios/cmdr/-/cmdr-1.12.0-quenty.0.tgz",
      "integrity": "sha512-coxG4bEQ3wskTEiVxbh6hTsOycYoq+8jLtUABvfMURHiS3hgF/0jg3uQArZt0JeY+VvkCIXLHUCFTMMbUQOllA==",
      "license": "ISC"
    }
  }
}
