# This file is automatically @generated by Wally.
# It is not intended for manual editing.
registry = "test"

[[package]]
name = "asus/daynightcycleandevent"
version = "0.1.0"
dependencies = [["ByteNet", "ffrostflame/bytenet@0.4.6"]]

[[package]]
name = "ffrostflame/bytenet"
version = "0.4.6"
dependencies = []
